
Microsoft Visual Studio Solution File, Format Version 12.00
# Visual Studio Version 17
VisualStudioVersion = 17.1.32210.238
MinimumVisualStudioVersion = 10.0.40219.1
Project("{9A19103F-16F7-4668-BE54-9A1E7A4F7556}") = "OOP_Labs", "OOP_Labs\OOP_Labs.csproj", "{623B725C-5B05-4D3B-A117-6503C26C2795}"
EndProject
Project("{9A19103F-16F7-4668-BE54-9A1E7A4F7556}") = "Lab1", "Lab1\Lab1.csproj", "{1210B15A-7E12-4267-B3CE-C413CE20B13A}"
EndProject
Project("{9A19103F-16F7-4668-BE54-9A1E7A4F7556}") = "Lab2", "Lab2\Lab2.csproj", "{65934849-250D-4121-B9DD-2527B4D7CB68}"
EndProject
Project("{9A19103F-16F7-4668-BE54-9A1E7A4F7556}") = "Lab3", "Lab3\Lab3.csproj", "{0F7553C4-1B26-4BB5-9B1D-B72ABA854920}"
EndProject
Project("{9A19103F-16F7-4668-BE54-9A1E7A4F7556}") = "ConsoleApp1", "ConsoleApp1\ConsoleApp1.csproj", "{7A303702-B75C-44A6-B984-DA446A6E2FA3}"
EndProject
Project("{FAE04EC0-301F-11D3-BF4B-00C04F79EFBC}") = "Lab4", "Lab4\Lab4.csproj", "{B2DCF791-91E0-4519-AD2D-746047BEAB56}"
EndProject
Global
	GlobalSection(SolutionConfigurationPlatforms) = preSolution
		Debug|Any CPU = Debug|Any CPU
		Release|Any CPU = Release|Any CPU
	EndGlobalSection
	GlobalSection(ProjectConfigurationPlatforms) = postSolution
		{623B725C-5B05-4D3B-A117-6503C26C2795}.Debug|Any CPU.ActiveCfg = Debug|Any CPU
		{623B725C-5B05-4D3B-A117-6503C26C2795}.Debug|Any CPU.Build.0 = Debug|Any CPU
		{623B725C-5B05-4D3B-A117-6503C26C2795}.Release|Any CPU.ActiveCfg = Release|Any CPU
		{623B725C-5B05-4D3B-A117-6503C26C2795}.Release|Any CPU.Build.0 = Release|Any CPU
		{1210B15A-7E12-4267-B3CE-C413CE20B13A}.Debug|Any CPU.ActiveCfg = Debug|Any CPU
		{1210B15A-7E12-4267-B3CE-C413CE20B13A}.Debug|Any CPU.Build.0 = Debug|Any CPU
		{1210B15A-7E12-4267-B3CE-C413CE20B13A}.Release|Any CPU.ActiveCfg = Release|Any CPU
		{1210B15A-7E12-4267-B3CE-C413CE20B13A}.Release|Any CPU.Build.0 = Release|Any CPU
		{65934849-250D-4121-B9DD-2527B4D7CB68}.Debug|Any CPU.ActiveCfg = Debug|Any CPU
		{65934849-250D-4121-B9DD-2527B4D7CB68}.Debug|Any CPU.Build.0 = Debug|Any CPU
		{65934849-250D-4121-B9DD-2527B4D7CB68}.Release|Any CPU.ActiveCfg = Release|Any CPU
		{65934849-250D-4121-B9DD-2527B4D7CB68}.Release|Any CPU.Build.0 = Release|Any CPU
		{0F7553C4-1B26-4BB5-9B1D-B72ABA854920}.Debug|Any CPU.ActiveCfg = Debug|Any CPU
		{0F7553C4-1B26-4BB5-9B1D-B72ABA854920}.Debug|Any CPU.Build.0 = Debug|Any CPU
		{0F7553C4-1B26-4BB5-9B1D-B72ABA854920}.Release|Any CPU.ActiveCfg = Release|Any CPU
		{0F7553C4-1B26-4BB5-9B1D-B72ABA854920}.Release|Any CPU.Build.0 = Release|Any CPU
		{7A303702-B75C-44A6-B984-DA446A6E2FA3}.Debug|Any CPU.ActiveCfg = Debug|Any CPU
		{7A303702-B75C-44A6-B984-DA446A6E2FA3}.Debug|Any CPU.Build.0 = Debug|Any CPU
		{7A303702-B75C-44A6-B984-DA446A6E2FA3}.Release|Any CPU.ActiveCfg = Release|Any CPU
		{7A303702-B75C-44A6-B984-DA446A6E2FA3}.Release|Any CPU.Build.0 = Release|Any CPU
		{B2DCF791-91E0-4519-AD2D-746047BEAB56}.Debug|Any CPU.ActiveCfg = Debug|Any CPU
		{B2DCF791-91E0-4519-AD2D-746047BEAB56}.Debug|Any CPU.Build.0 = Debug|Any CPU
		{B2DCF791-91E0-4519-AD2D-746047BEAB56}.Release|Any CPU.ActiveCfg = Release|Any CPU
		{B2DCF791-91E0-4519-AD2D-746047BEAB56}.Release|Any CPU.Build.0 = Release|Any CPU
	EndGlobalSection
	GlobalSection(SolutionProperties) = preSolution
		HideSolutionNode = FALSE
	EndGlobalSection
	GlobalSection(ExtensibilityGlobals) = postSolution
		SolutionGuid = {C022AAAE-B776-4EEE-8AFF-603DE51D6A5D}
	EndGlobalSection
EndGlobal
